
Microsoft Visual Studio Solution File, Format Version 12.00
# Visual Studio Version 17
VisualStudioVersion = 17.14.36202.13 d17.14
MinimumVisualStudioVersion = 10.0.40219.1
Project("{FAE04EC0-301F-11D3-BF4B-00C04F79EFBC}") = "QuanLyLichKhamBenh", "QuanLyLichKhamBenh\QuanLyLichKhamBenh.csproj", "{914884E8-FC7E-4DD5-8371-C0B9457EEF87}"
EndProject
Global
	GlobalSection(SolutionConfigurationPlatforms) = preSolution
		Debug|Any CPU = Debug|Any CPU
		Release|Any CPU = Release|Any CPU
	EndGlobalSection
	GlobalSection(ProjectConfigurationPlatforms) = postSolution
		{914884E8-FC7E-4DD5-8371-C0B9457EEF87}.Debug|Any CPU.ActiveCfg = Debug|Any CPU
		{914884E8-FC7E-4DD5-8371-C0B9457EEF87}.Debug|Any CPU.Build.0 = Debug|Any CPU
		{914884E8-FC7E-4DD5-8371-C0B9457EEF87}.Release|Any CPU.ActiveCfg = Release|Any CPU
		{914884E8-FC7E-4DD5-8371-C0B9457EEF87}.Release|Any CPU.Build.0 = Release|Any CPU
	EndGlobalSection
	GlobalSection(SolutionProperties) = preSolution
		HideSolutionNode = FALSE
	EndGlobalSection
	GlobalSection(ExtensibilityGlobals) = postSolution
		SolutionGuid = {97C1885C-9CC3-4BFA-988F-66172F3FA8CB}
	EndGlobalSection
EndGlobal
